{
  "name": "templates",
  "version": "1.0.0",
  "lockfileVersion": 1,
  "requires": true,
  "dependencies": {
    "chart.js": {
      "version": "1.1.1",
      "resolved": "https://registry.npmjs.org/chart.js/-/chart.js-1.1.1.tgz",
      "integrity": "sha1-qbFwVCIL1Fy9sXb9a8uHg++HGn0="
    }
  }
}
